// !$*UTF8*$!
{
	archiveVersion = 1;
	classes = {
	};
	objectVersion = 46;
	objects = {

/* Begin PBXBuildFile section */
		15BD04A319F41BE200E148D2 /* main.m in Sources */ = {isa = PBXBuildFile; fileRef = 15BD04A219F41BE200E148D2 /* main.m */; };
		15BD04A619F41BE200E148D2 /* AppDelegate.m in Sources */ = {isa = PBXBuildFile; fileRef = 15BD04A519F41BE200E148D2 /* AppDelegate.m */; };
		15BD04A919F41BE200E148D2 /* ViewController.m in Sources */ = {isa = PBXBuildFile; fileRef = 15BD04A819F41BE200E148D2 /* ViewController.m */; };
		15BD04AC19F41BE300E148D2 /* Main.storyboard in Resources */ = {isa = PBXBuildFile; fileRef = 15BD04AA19F41BE300E148D2 /* Main.storyboard */; };
		15BD04AE19F41BE300E148D2 /* Images.xcassets in Resources */ = {isa = PBXBuildFile; fileRef = 15BD04AD19F41BE300E148D2 /* Images.xcassets */; };
		15BD04B119F41BE300E148D2 /* LaunchScreen.xib in Resources */ = {isa = PBXBuildFile; fileRef = 15BD04AF19F41BE300E148D2 /* LaunchScreen.xib */; };
		15BD04BD19F41BE300E148D2 /* keychaintestTests.m in Sources */ = {isa = PBXBuildFile; fileRef = 15BD04BC19F41BE300E148D2 /* keychaintestTests.m */; };
/* End PBXBuildFile section */

/* Begin PBXContainerItemProxy section */
		15BD04B719F41BE300E148D2 /* PBXContainerItemProxy */ = {
			isa = PBXContainerItemProxy;
			containerPortal = 15BD049519F41BE200E148D2 /* Project object */;
			proxyType = 1;
			remoteGlobalIDString = 15BD049C19F41BE200E148D2;
			remoteInfo = keychaintest;
		};
/* End PBXContainerItemProxy section */

/* Begin PBXFileReference section */
		15BD049D19F41BE200E148D2 /* keychaintest.app */ = {isa = PBXFileReference; explicitFileType = wrapper.application; includeInIndex = 0; path = keychaintest.app; sourceTree = BUILT_PRODUCTS_DIR; };
		15BD04A119F41BE200E148D2 /* Info.plist */ = {isa = PBXFileReference; lastKnownFileType = text.plist.xml; path = Info.plist; sourceTree = "<group>"; };
		15BD04A219F41BE200E148D2 /* main.m */ = {isa = PBXFileReference; lastKnownFileType = sourcecode.c.objc; path = main.m; sourceTree = "<group>"; };
		15BD04A419F41BE200E148D2 /* AppDelegate.h */ = {isa = PBXFileReference; lastKnownFileType = sourcecode.c.h; path = AppDelegate.h; sourceTree = "<group>"; };
		15BD04A519F41BE200E148D2 /* AppDelegate.m */ = {isa = PBXFileReference; lastKnownFileType = sourcecode.c.objc; path = AppDelegate.m; sourceTree = "<group>"; };
		15BD04A719F41BE200E148D2 /* ViewController.h */ = {isa = PBXFileReference; lastKnownFileType = sourcecode.c.h; path = ViewController.h; sourceTree = "<group>"; };
		15BD04A819F41BE200E148D2 /* ViewController.m */ = {isa = PBXFileReference; lastKnownFileType = sourcecode.c.objc; path = ViewController.m; sourceTree = "<group>"; };
		15BD04AB19F41BE300E148D2 /* Base */ = {isa = PBXFileReference; lastKnownFileType = file.storyboard; name = Base; path = Base.lproj/Main.storyboard; sourceTree = "<group>"; };
		15BD04AD19F41BE300E148D2 /* Images.xcassets */ = {isa = PBXFileReference; lastKnownFileType = folder.assetcatalog; path = Images.xcassets; sourceTree = "<group>"; };
		15BD04B019F41BE300E148D2 /* Base */ = {isa = PBXFileReference; lastKnownFileType = file.xib; name = Base; path = Base.lproj/LaunchScreen.xib; sourceTree = "<group>"; };
		15BD04B619F41BE300E148D2 /* keychaintestTests.xctest */ = {isa = PBXFileReference; explicitFileType = wrapper.cfbundle; includeInIndex = 0; path = keychaintestTests.xctest; sourceTree = BUILT_PRODUCTS_DIR; };
		15BD04BB19F41BE300E148D2 /* Info.plist */ = {isa = PBXFileReference; lastKnownFileType = text.plist.xml; path = Info.plist; sourceTree = "<group>"; };
		15BD04BC19F41BE300E148D2 /* keychaintestTests.m */ = {isa = PBXFileReference; lastKnownFileType = sourcecode.c.objc; path = keychaintestTests.m; sourceTree = "<group>"; };
/* End PBXFileReference section */

/* Begin PBXFrameworksBuildPhase section */
		15BD049A19F41BE200E148D2 /* Frameworks */ = {
			isa = PBXFrameworksBuildPhase;
			buildActionMask = 2147483647;
			files = (
			);
			runOnlyForDeploymentPostprocessing = 0;
		};
		15BD04B319F41BE300E148D2 /* Frameworks */ = {
			isa = PBXFrameworksBuildPhase;
			buildActionMask = 2147483647;
			files = (
			);
			runOnlyForDeploymentPostprocessing = 0;
		};
/* End PBXFrameworksBuildPhase section */

/* Begin PBXGroup section */
		15BD049419F41BE200E148D2 = {
			isa = PBXGroup;
			children = (
				15BD049F19F41BE200E148D2 /* keychaintest */,
				15BD04B919F41BE300E148D2 /* keychaintestTests */,
				15BD049E19F41BE200E148D2 /* Products */,
			);
			sourceTree = "<group>";
		};
		15BD049E19F41BE200E148D2 /* Products */ = {
			isa = PBXGroup;
			children = (
				15BD049D19F41BE200E148D2 /* keychaintest.app */,
				15BD04B619F41BE300E148D2 /* keychaintestTests.xctest */,
			);
			name = Products;
			sourceTree = "<group>";
		};
		15BD049F19F41BE200E148D2 /* keychaintest */ = {
			isa = PBXGroup;
			children = (
				15BD04A419F41BE200E148D2 /* AppDelegate.h */,
				15BD04A519F41BE200E148D2 /* AppDelegate.m */,
				15BD04A719F41BE200E148D2 /* ViewController.h */,
				15BD04A819F41BE200E148D2 /* ViewController.m */,
				15BD04AA19F41BE300E148D2 /* Main.storyboard */,
				15BD04AD19F41BE300E148D2 /* Images.xcassets */,
				15BD04AF19F41BE300E148D2 /* LaunchScreen.xib */,
				15BD04A019F41BE200E148D2 /* Supporting Files */,
			);
			path = keychaintest;
			sourceTree = "<group>";
		};
		15BD04A019F41BE200E148D2 /* Supporting Files */ = {
			isa = PBXGroup;
			children = (
				15BD04A119F41BE200E148D2 /* Info.plist */,
				15BD04A219F41BE200E148D2 /* main.m */,
			);
			name = "Supporting Files";
			sourceTree = "<group>";
		};
		15BD04B919F41BE300E148D2 /* keychaintestTests */ = {
			isa = PBXGroup;
			children = (
				15BD04BC19F41BE300E148D2 /* keychaintestTests.m */,
				15BD04BA19F41BE300E148D2 /* Supporting Files */,
			);
			path = keychaintestTests;
			sourceTree = "<group>";
		};
		15BD04BA19F41BE300E148D2 /* Supporting Files */ = {
			isa = PBXGroup;
			children = (
				15BD04BB19F41BE300E148D2 /* Info.plist */,
			);
			name = "Supporting Files";
			sourceTree = "<group>";
		};
/* End PBXGroup section */

/* Begin PBXNativeTarget section */
		15BD049C19F41BE200E148D2 /* keychaintest */ = {
			isa = PBXNativeTarget;
			buildConfigurationList = 15BD04C019F41BE300E148D2 /* Build configuration list for PBXNativeTarget "keychaintest" */;
			buildPhases = (
				15BD049919F41BE200E148D2 /* Sources */,
				15BD049A19F41BE200E148D2 /* Frameworks */,
				15BD049B19F41BE200E148D2 /* Resources */,
			);
			buildRules = (
			);
			dependencies = (
			);
			name = keychaintest;
			productName = keychaintest;
			productReference = 15BD049D19F41BE200E148D2 /* keychaintest.app */;
			productType = "com.apple.product-type.application";
		};
		15BD04B519F41BE300E148D2 /* keychaintestTests */ = {
			isa = PBXNativeTarget;
			buildConfigurationList = 15BD04C319F41BE300E148D2 /* Build configuration list for PBXNativeTarget "keychaintestTests" */;
			buildPhases = (
				15BD04B219F41BE300E148D2 /* Sources */,
				15BD04B319F41BE300E148D2 /* Frameworks */,
				15BD04B419F41BE300E148D2 /* Resources */,
			);
			buildRules = (
			);
			dependencies = (
				15BD04B819F41BE300E148D2 /* PBXTargetDependency */,
			);
			name = keychaintestTests;
			productName = keychaintestTests;
			productReference = 15BD04B619F41BE300E148D2 /* keychaintestTests.xctest */;
			productType = "com.apple.product-type.bundle.unit-test";
		};
/* End PBXNativeTarget section */

/* Begin PBXProject section */
		15BD049519F41BE200E148D2 /* Project object */ = {
			isa = PBXProject;
			attributes = {
				LastUpgradeCheck = 0600;
				ORGANIZATIONNAME = None;
				TargetAttributes = {
					15BD049C19F41BE200E148D2 = {
						CreatedOnToolsVersion = 6.0.1;
					};
					15BD04B519F41BE300E148D2 = {
						CreatedOnToolsVersion = 6.0.1;
						TestTargetID = 15BD049C19F41BE200E148D2;
					};
				};
			};
			buildConfigurationList = 15BD049819F41BE200E148D2 /* Build configuration list for PBXProject "keychaintest" */;
			compatibilityVersion = "Xcode 3.2";
			developmentRegion = English;
			hasScannedForEncodings = 0;
			knownRegions = (
				en,
				Base,
			);
			mainGroup = 15BD049419F41BE200E148D2;
			productRefGroup = 15BD049E19F41BE200E148D2 /* Products */;
			projectDirPath = "";
			projectRoot = "";
			targets = (
				15BD049C19F41BE200E148D2 /* keychaintest */,
				15BD04B519F41BE300E148D2 /* keychaintestTests */,
			);
		};
/* End PBXProject section */

/* Begin PBXResourcesBuildPhase section */
		15BD049B19F41BE200E148D2 /* Resources */ = {
			isa = PBXResourcesBuildPhase;
			buildActionMask = 2147483647;
			files = (
				15BD04AC19F41BE300E148D2 /* Main.storyboard in Resources */,
				15BD04B119F41BE300E148D2 /* LaunchScreen.xib in Resources */,
				15BD04AE19F41BE300E148D2 /* Images.xcassets in Resources */,
			);
			runOnlyForDeploymentPostprocessing = 0;
		};
		15BD04B419F41BE300E148D2 /* Resources */ = {
			isa = PBXResourcesBuildPhase;
			buildActionMask = 2147483647;
			files = (
			);
			runOnlyForDeploymentPostprocessing = 0;
		};
/* End PBXResourcesBuildPhase section */

/* Begin PBXSourcesBuildPhase section */
		15BD049919F41BE200E148D2 /* Sources */ = {
			isa = PBXSourcesBuildPhase;
			buildActionMask = 2147483647;
			files = (
				15BD04A919F41BE200E148D2 /* ViewController.m in Sources */,
				15BD04A619F41BE200E148D2 /* AppDelegate.m in Sources */,
				15BD04A319F41BE200E148D2 /* main.m in Sources */,
			);
			runOnlyForDeploymentPostprocessing = 0;
		};
		15BD04B219F41BE300E148D2 /* Sources */ = {
			isa = PBXSourcesBuildPhase;
			buildActionMask = 2147483647;
			files = (
				15BD04BD19F41BE300E148D2 /* keychaintestTests.m in Sources */,
			);
			runOnlyForDeploymentPostprocessing = 0;
		};
/* End PBXSourcesBuildPhase section */

/* Begin PBXTargetDependency section */
		15BD04B819F41BE300E148D2 /* PBXTargetDependency */ = {
			isa = PBXTargetDependency;
			target = 15BD049C19F41BE200E148D2 /* keychaintest */;
			targetProxy = 15BD04B719F41BE300E148D2 /* PBXContainerItemProxy */;
		};
/* End PBXTargetDependency section */

/* Begin PBXVariantGroup section */
		15BD04AA19F41BE300E148D2 /* Main.storyboard */ = {
			isa = PBXVariantGroup;
			children = (
				15BD04AB19F41BE300E148D2 /* Base */,
			);
			name = Main.storyboard;
			sourceTree = "<group>";
		};
		15BD04AF19F41BE300E148D2 /* LaunchScreen.xib */ = {
			isa = PBXVariantGroup;
			children = (
				15BD04B019F41BE300E148D2 /* Base */,
			);
			name = LaunchScreen.xib;
			sourceTree = "<group>";
		};
/* End PBXVariantGroup section */

/* Begin XCBuildConfiguration section */
		15BD04BE19F41BE300E148D2 /* Debug */ = {
			isa = XCBuildConfiguration;
			buildSettings = {
				ALWAYS_SEARCH_USER_PATHS = NO;
				CLANG_CXX_LANGUAGE_STANDARD = "gnu++0x";
				CLANG_CXX_LIBRARY = "libc++";
				CLANG_ENABLE_MODULES = YES;
				CLANG_ENABLE_OBJC_ARC = YES;
				CLANG_WARN_BOOL_CONVERSION = YES;
				CLANG_WARN_CONSTANT_CONVERSION = YES;
				CLANG_WARN_DIRECT_OBJC_ISA_USAGE = YES_ERROR;
				CLANG_WARN_EMPTY_BODY = YES;
				CLANG_WARN_ENUM_CONVERSION = YES;
				CLANG_WARN_INT_CONVERSION = YES;
				CLANG_WARN_OBJC_ROOT_CLASS = YES_ERROR;
				CLANG_WARN_UNREACHABLE_CODE = YES;
				CLANG_WARN__DUPLICATE_METHOD_MATCH = YES;
				"CODE_SIGN_IDENTITY[sdk=iphoneos*]" = "iPhone Developer";
				COPY_PHASE_STRIP = NO;
				ENABLE_STRICT_OBJC_MSGSEND = YES;
				GCC_C_LANGUAGE_STANDARD = gnu99;
				GCC_DYNAMIC_NO_PIC = NO;
				GCC_OPTIMIZATION_LEVEL = 0;
				GCC_PREPROCESSOR_DEFINITIONS = (
					"DEBUG=1",
					"$(inherited)",
				);
				GCC_SYMBOLS_PRIVATE_EXTERN = NO;
				GCC_WARN_64_TO_32_BIT_CONVERSION = YES;
				GCC_WARN_ABOUT_RETURN_TYPE = YES_ERROR;
				GCC_WARN_UNDECLARED_SELECTOR = YES;
				GCC_WARN_UNINITIALIZED_AUTOS = YES_AGGRESSIVE;
				GCC_WARN_UNUSED_FUNCTION = YES;
				GCC_WARN_UNUSED_VARIABLE = YES;
				IPHONEOS_DEPLOYMENT_TARGET = 8.0;
				MTL_ENABLE_DEBUG_INFO = YES;
				ONLY_ACTIVE_ARCH = YES;
				SDKROOT = iphoneos;
				TARGETED_DEVICE_FAMILY = "1,2";
			};
			name = Debug;
		};
		15BD04BF19F41BE300E148D2 /* Release */ = {
			isa = XCBuildConfiguration;
			buildSettings = {
				ALWAYS_SEARCH_USER_PATHS = NO;
				CLANG_CXX_LANGUAGE_STANDARD = "gnu++0x";
				CLANG_CXX_LIBRARY = "libc++";
				CLANG_ENABLE_MODULES = YES;
				CLANG_ENABLE_OBJC_ARC = YES;
				CLANG_WARN_BOOL_CONVERSION = YES;
				CLANG_WARN_CONSTANT_CONVERSION = YES;
				CLANG_WARN_DIRECT_OBJC_ISA_USAGE = YES_ERROR;
				CLANG_WARN_EMPTY_BODY = YES;
				CLANG_WARN_ENUM_CONVERSION = YES;
				CLANG_WARN_INT_CONVERSION = YES;
				CLANG_WARN_OBJC_ROOT_CLASS = YES_ERROR;
				CLANG_WARN_UNREACHABLE_CODE = YES;
				CLANG_WARN__DUPLICATE_METHOD_MATCH = YES;
				"CODE_SIGN_IDENTITY[sdk=iphoneos*]" = "iPhone Developer";
				COPY_PHASE_STRIP = YES;
				ENABLE_NS_ASSERTIONS = NO;
				ENABLE_STRICT_OBJC_MSGSEND = YES;
				GCC_C_LANGUAGE_STANDARD = gnu99;
				GCC_WARN_64_TO_32_BIT_CONVERSION = YES;
				GCC_WARN_ABOUT_RETURN_TYPE = YES_ERROR;
				GCC_WARN_UNDECLARED_SELECTOR = YES;
				GCC_WARN_UNINITIALIZED_AUTOS = YES_AGGRESSIVE;
				GCC_WARN_UNUSED_FUNCTION = YES;
				GCC_WARN_UNUSED_VARIABLE = YES;
				IPHONEOS_DEPLOYMENT_TARGET = 8.0;
				MTL_ENABLE_DEBUG_INFO = NO;
				SDKROOT = iphoneos;
				TARGETED_DEVICE_FAMILY = "1,2";
				VALIDATE_PRODUCT = YES;
			};
			name = Release;
		};
		15BD04C119F41BE300E148D2 /* Debug */ = {
			isa = XCBuildConfiguration;
			buildSettings = {
				ASSETCATALOG_COMPILER_APPICON_NAME = AppIcon;
				INFOPLIST_FILE = keychaintest/Info.plist;
				LD_RUNPATH_SEARCH_PATHS = "$(inherited) @executable_path/Frameworks";
				PRODUCT_NAME = "$(TARGET_NAME)";
			};
			name = Debug;
		};
		15BD04C219F41BE300E148D2 /* Release */ = {
			isa = XCBuildConfiguration;
			buildSettings = {
				ASSETCATALOG_COMPILER_APPICON_NAME = AppIcon;
				INFOPLIST_FILE = keychaintest/Info.plist;
				LD_RUNPATH_SEARCH_PATHS = "$(inherited) @executable_path/Frameworks";
				PRODUCT_NAME = "$(TARGET_NAME)";
			};
			name = Release;
		};
		15BD04C419F41BE300E148D2 /* Debug */ = {
			isa = XCBuildConfiguration;
			buildSettings = {
				BUNDLE_LOADER = "$(TEST_HOST)";
				FRAMEWORK_SEARCH_PATHS = (
					"$(SDKROOT)/Developer/Library/Frameworks",
					"$(inherited)",
				);
				GCC_PREPROCESSOR_DEFINITIONS = (
					"DEBUG=1",
					"$(inherited)",
				);
				INFOPLIST_FILE = keychaintestTests/Info.plist;
				LD_RUNPATH_SEARCH_PATHS = "$(inherited) @executable_path/Frameworks @loader_path/Frameworks";
				PRODUCT_NAME = "$(TARGET_NAME)";
				TEST_HOST = "$(BUILT_PRODUCTS_DIR)/keychaintest.app/keychaintest";
			};
			name = Debug;
		};
		15BD04C519F41BE300E148D2 /* Release */ = {
			isa = XCBuildConfiguration;
			buildSettings = {
				BUNDLE_LOADER = "$(TEST_HOST)";
				FRAMEWORK_SEARCH_PATHS = (
					"$(SDKROOT)/Developer/Library/Frameworks",
					"$(inherited)",
				);
				INFOPLIST_FILE = keychaintestTests/Info.plist;
				LD_RUNPATH_SEARCH_PATHS = "$(inherited) @executable_path/Frameworks @loader_path/Frameworks";
				PRODUCT_NAME = "$(TARGET_NAME)";
				TEST_HOST = "$(BUILT_PRODUCTS_DIR)/keychaintest.app/keychaintest";
			};
			name = Release;
		};
/* End XCBuildConfiguration section */

/* Begin XCConfigurationList section */
		15BD049819F41BE200E148D2 /* Build configuration list for PBXProject "keychaintest" */ = {
			isa = XCConfigurationList;
			buildConfigurations = (
				15BD04BE19F41BE300E148D2 /* Debug */,
				15BD04BF19F41BE300E148D2 /* Release */,
			);
			defaultConfigurationIsVisible = 0;
			defaultConfigurationName = Release;
		};
		15BD04C019F41BE300E148D2 /* Build configuration list for PBXNativeTarget "keychaintest" */ = {
			isa = XCConfigurationList;
			buildConfigurations = (
				15BD04C119F41BE300E148D2 /* Debug */,
				15BD04C219F41BE300E148D2 /* Release */,
			);
			defaultConfigurationIsVisible = 0;
		};
		15BD04C319F41BE300E148D2 /* Build configuration list for PBXNativeTarget "keychaintestTests" */ = {
			isa = XCConfigurationList;
			buildConfigurations = (
				15BD04C419F41BE300E148D2 /* Debug */,
				15BD04C519F41BE300E148D2 /* Release */,
			);
			defaultConfigurationIsVisible = 0;
		};
/* End XCConfigurationList section */
	};
	rootObject = 15BD049519F41BE200E148D2 /* Project object */;
}
